Microsoft Visual Studio Solution File, Format Version 12.00
# Visual Studio 2012
Project("{FAE04EC0-301F-11D3-BF4B-00C04F79EFBC}") = "GWJ87", "GWJ87.csproj", "{710F4FE4-8F64-47A5-94F9-DBD7278EA0ED}"
EndProject
Global
	GlobalSection(SolutionConfigurationPlatforms) = preSolution
	Debug|Any CPU = Debug|Any CPU
	ExportDebug|Any CPU = ExportDebug|Any CPU
	ExportRelease|Any CPU = ExportRelease|Any CPU
	EndGlobalSection
	GlobalSection(ProjectConfigurationPlatforms) = postSolution
		{710F4FE4-8F64-47A5-94F9-DBD7278EA0ED}.Debug|Any CPU.ActiveCfg = Debug|Any CPU
		{710F4FE4-8F64-47A5-94F9-DBD7278EA0ED}.Debug|Any CPU.Build.0 = Debug|Any CPU
		{710F4FE4-8F64-47A5-94F9-DBD7278EA0ED}.ExportDebug|Any CPU.ActiveCfg = ExportDebug|Any CPU
		{710F4FE4-8F64-47A5-94F9-DBD7278EA0ED}.ExportDebug|Any CPU.Build.0 = ExportDebug|Any CPU
		{710F4FE4-8F64-47A5-94F9-DBD7278EA0ED}.ExportRelease|Any CPU.ActiveCfg = ExportRelease|Any CPU
		{710F4FE4-8F64-47A5-94F9-DBD7278EA0ED}.ExportRelease|Any CPU.Build.0 = ExportRelease|Any CPU
	EndGlobalSection
EndGlobal
